
Microsoft Visual Studio Solution File, Format Version 11.00
# Visual Studio 2010
Project("{FAE04EC0-301F-11D3-BF4B-00C04F79EFBC}") = "StringToNumber", "StringToNumber\StringToNumber.csproj", "{B57888CA-3018-4E5B-B631-1CC44194E232}"
EndProject
Project("{FAE04EC0-301F-11D3-BF4B-00C04F79EFBC}") = "StringToNumberUnitTests", "StringToNumberUnitTests\StringToNumberUnitTests.csproj", "{FA86C9F4-9E3E-43AF-B7E0-7CAECFDDC2FD}"
EndProject
Project("{FAE04EC0-301F-11D3-BF4B-00C04F79EFBC}") = "StringToNumberManualTesting", "StringToNumberManualTesting\StringToNumberManualTesting.csproj", "{EEC6D09D-C7B8-4236-9981-966F6E6876AC}"
EndProject
Global
	GlobalSection(SolutionConfigurationPlatforms) = preSolution
		Debug|Any CPU = Debug|Any CPU
		Release|Any CPU = Release|Any CPU
	EndGlobalSection
	GlobalSection(ProjectConfigurationPlatforms) = postSolution
		{B57888CA-3018-4E5B-B631-1CC44194E232}.Debug|Any CPU.ActiveCfg = Debug|Any CPU
		{B57888CA-3018-4E5B-B631-1CC44194E232}.Debug|Any CPU.Build.0 = Debug|Any CPU
		{B57888CA-3018-4E5B-B631-1CC44194E232}.Release|Any CPU.ActiveCfg = Release|Any CPU
		{B57888CA-3018-4E5B-B631-1CC44194E232}.Release|Any CPU.Build.0 = Release|Any CPU
		{FA86C9F4-9E3E-43AF-B7E0-7CAECFDDC2FD}.Debug|Any CPU.ActiveCfg = Debug|Any CPU
		{FA86C9F4-9E3E-43AF-B7E0-7CAECFDDC2FD}.Debug|Any CPU.Build.0 = Debug|Any CPU
		{FA86C9F4-9E3E-43AF-B7E0-7CAECFDDC2FD}.Release|Any CPU.ActiveCfg = Release|Any CPU
		{FA86C9F4-9E3E-43AF-B7E0-7CAECFDDC2FD}.Release|Any CPU.Build.0 = Release|Any CPU
		{EEC6D09D-C7B8-4236-9981-966F6E6876AC}.Debug|Any CPU.ActiveCfg = Debug|Any CPU
		{EEC6D09D-C7B8-4236-9981-966F6E6876AC}.Debug|Any CPU.Build.0 = Debug|Any CPU
		{EEC6D09D-C7B8-4236-9981-966F6E6876AC}.Release|Any CPU.ActiveCfg = Release|Any CPU
		{EEC6D09D-C7B8-4236-9981-966F6E6876AC}.Release|Any CPU.Build.0 = Release|Any CPU
	EndGlobalSection
	GlobalSection(SolutionProperties) = preSolution
		HideSolutionNode = FALSE
	EndGlobalSection
EndGlobal
